
Microsoft Visual Studio Solution File, Format Version 12.00
# Visual Studio Version 17
VisualStudioVersion = 17.4.33122.133
MinimumVisualStudioVersion = 10.0.40219.1
Project("{FAE04EC0-301F-11D3-BF4B-00C04F79EFBC}") = "SqlToCode", "SqlToCode\SqlToCode.csproj", "{976E7B25-F54F-4D2B-A0FB-A1D649CFCD9E}"
EndProject
Global
	GlobalSection(SolutionConfigurationPlatforms) = preSolution
		Debug|Any CPU = Debug|Any CPU
		Release|Any CPU = Release|Any CPU
	EndGlobalSection
	GlobalSection(ProjectConfigurationPlatforms) = postSolution
		{976E7B25-F54F-4D2B-A0FB-A1D649CFCD9E}.Debug|Any CPU.ActiveCfg = Debug|Any CPU
		{976E7B25-F54F-4D2B-A0FB-A1D649CFCD9E}.Debug|Any CPU.Build.0 = Debug|Any CPU
		{976E7B25-F54F-4D2B-A0FB-A1D649CFCD9E}.Release|Any CPU.ActiveCfg = Release|Any CPU
		{976E7B25-F54F-4D2B-A0FB-A1D649CFCD9E}.Release|Any CPU.Build.0 = Release|Any CPU
	EndGlobalSection
	GlobalSection(SolutionProperties) = preSolution
		HideSolutionNode = FALSE
	EndGlobalSection
	GlobalSection(ExtensibilityGlobals) = postSolution
		SolutionGuid = {4DC7364E-C531-4413-9868-00C790451AA2}
	EndGlobalSection
EndGlobal
